// !$*UTF8*$!
{
	archiveVersion = 1;
	classes = {
	};
	objectVersion = 50;
	objects = {

/* Begin PBXBuildFile section */
		5226450323B4EFCB00E95AC2 /* ActressListRootView.swift in Sources */ = {isa = PBXBuildFile; fileRef = 5226450223B4EFCB00E95AC2 /* ActressListRootView.swift */; };
		5226450523B4F60200E95AC2 /* ItemListByActress.swift in Sources */ = {isa = PBXBuildFile; fileRef = 5226450423B4F60200E95AC2 /* ItemListByActress.swift */; };
		52E7F93723AF8285009CB968 /* AppDelegate.swift in Sources */ = {isa = PBXBuildFile; fileRef = 52E7F93623AF8285009CB968 /* AppDelegate.swift */; };
		52E7F93923AF8285009CB968 /* SceneDelegate.swift in Sources */ = {isa = PBXBuildFile; fileRef = 52E7F93823AF8285009CB968 /* SceneDelegate.swift */; };
		52E7F93B23AF8285009CB968 /* ContentView.swift in Sources */ = {isa = PBXBuildFile; fileRef = 52E7F93A23AF8285009CB968 /* ContentView.swift */; };
		52E7F93D23AF8289009CB968 /* Assets.xcassets in Resources */ = {isa = PBXBuildFile; fileRef = 52E7F93C23AF8289009CB968 /* Assets.xcassets */; };
		52E7F94023AF8289009CB968 /* Preview Assets.xcassets in Resources */ = {isa = PBXBuildFile; fileRef = 52E7F93F23AF8289009CB968 /* Preview Assets.xcassets */; };
		52E7F94323AF8289009CB968 /* LaunchScreen.storyboard in Resources */ = {isa = PBXBuildFile; fileRef = 52E7F94123AF8289009CB968 /* LaunchScreen.storyboard */; };
		52E7F94B23AF82AD009CB968 /* ControlView.swift in Sources */ = {isa = PBXBuildFile; fileRef = 52E7F94A23AF82AD009CB968 /* ControlView.swift */; };
		52E7F94D23AF8353009CB968 /* APIURL.swift in Sources */ = {isa = PBXBuildFile; fileRef = 52E7F94C23AF8353009CB968 /* APIURL.swift */; };
		52E7F94F23AF8929009CB968 /* ActressModel.swift in Sources */ = {isa = PBXBuildFile; fileRef = 52E7F94E23AF8929009CB968 /* ActressModel.swift */; };
		52E7F95123B0DBE9009CB968 /* ActressListView.swift in Sources */ = {isa = PBXBuildFile; fileRef = 52E7F95023B0DBE9009CB968 /* ActressListView.swift */; };
		52E7F95323B2679F009CB968 /* ImageLoader.swift in Sources */ = {isa = PBXBuildFile; fileRef = 52E7F95223B2679F009CB968 /* ImageLoader.swift */; };
		52E7F95523B3B925009CB968 /* ActressViewModel.swift in Sources */ = {isa = PBXBuildFile; fileRef = 52E7F95423B3B925009CB968 /* ActressViewModel.swift */; };
		52E7F95723B3C1E4009CB968 /* SafariService.swift in Sources */ = {isa = PBXBuildFile; fileRef = 52E7F95623B3C1E4009CB968 /* SafariService.swift */; };
		52E7F95923B41E51009CB968 /* EnvironmentalObjectClass.swift in Sources */ = {isa = PBXBuildFile; fileRef = 52E7F95823B41E51009CB968 /* EnvironmentalObjectClass.swift */; };
		52E7F95B23B41E89009CB968 /* ActressData.swift in Sources */ = {isa = PBXBuildFile; fileRef = 52E7F95A23B41E89009CB968 /* ActressData.swift */; };
		52E7F95D23B42030009CB968 /* LoadingView.swift in Sources */ = {isa = PBXBuildFile; fileRef = 52E7F95C23B42030009CB968 /* LoadingView.swift */; };
/* End PBXBuildFile section */

/* Begin PBXFileReference section */
		5226450223B4EFCB00E95AC2 /* ActressListRootView.swift */ = {isa = PBXFileReference; lastKnownFileType = sourcecode.swift; path = ActressListRootView.swift; sourceTree = "<group>"; };
		5226450423B4F60200E95AC2 /* ItemListByActress.swift */ = {isa = PBXFileReference; lastKnownFileType = sourcecode.swift; path = ItemListByActress.swift; sourceTree = "<group>"; };
		52E7F93323AF8285009CB968 /* DMM6.app */ = {isa = PBXFileReference; explicitFileType = wrapper.application; includeInIndex = 0; path = DMM6.app; sourceTree = BUILT_PRODUCTS_DIR; };
		52E7F93623AF8285009CB968 /* AppDelegate.swift */ = {isa = PBXFileReference; lastKnownFileType = sourcecode.swift; path = AppDelegate.swift; sourceTree = "<group>"; };
		52E7F93823AF8285009CB968 /* SceneDelegate.swift */ = {isa = PBXFileReference; lastKnownFileType = sourcecode.swift; path = SceneDelegate.swift; sourceTree = "<group>"; };
		52E7F93A23AF8285009CB968 /* ContentView.swift */ = {isa = PBXFileReference; lastKnownFileType = sourcecode.swift; path = ContentView.swift; sourceTree = "<group>"; };
		52E7F93C23AF8289009CB968 /* Assets.xcassets */ = {isa = PBXFileReference; lastKnownFileType = folder.assetcatalog; path = Assets.xcassets; sourceTree = "<group>"; };
		52E7F93F23AF8289009CB968 /* Preview Assets.xcassets */ = {isa = PBXFileReference; lastKnownFileType = folder.assetcatalog; path = "Preview Assets.xcassets"; sourceTree = "<group>"; };
		52E7F94223AF8289009CB968 /* Base */ = {isa = PBXFileReference; lastKnownFileType = file.storyboard; name = Base; path = Base.lproj/LaunchScreen.storyboard; sourceTree = "<group>"; };
		52E7F94423AF8289009CB968 /* Info.plist */ = {isa = PBXFileReference; lastKnownFileType = text.plist.xml; path = Info.plist; sourceTree = "<group>"; };
		52E7F94A23AF82AD009CB968 /* ControlView.swift */ = {isa = PBXFileReference; lastKnownFileType = sourcecode.swift; path = ControlView.swift; sourceTree = "<group>"; };
		52E7F94C23AF8353009CB968 /* APIURL.swift */ = {isa = PBXFileReference; lastKnownFileType = sourcecode.swift; path = APIURL.swift; sourceTree = "<group>"; };
		52E7F94E23AF8929009CB968 /* ActressModel.swift */ = {isa = PBXFileReference; lastKnownFileType = sourcecode.swift; path = ActressModel.swift; sourceTree = "<group>"; };
		52E7F95023B0DBE9009CB968 /* ActressListView.swift */ = {isa = PBXFileReference; lastKnownFileType = sourcecode.swift; path = ActressListView.swift; sourceTree = "<group>"; };
		52E7F95223B2679F009CB968 /* ImageLoader.swift */ = {isa = PBXFileReference; lastKnownFileType = sourcecode.swift; path = ImageLoader.swift; sourceTree = "<group>"; };
		52E7F95423B3B925009CB968 /* ActressViewModel.swift */ = {isa = PBXFileReference; lastKnownFileType = sourcecode.swift; path = ActressViewModel.swift; sourceTree = "<group>"; };
		52E7F95623B3C1E4009CB968 /* SafariService.swift */ = {isa = PBXFileReference; lastKnownFileType = sourcecode.swift; path = SafariService.swift; sourceTree = "<group>"; };
		52E7F95823B41E51009CB968 /* EnvironmentalObjectClass.swift */ = {isa = PBXFileReference; lastKnownFileType = sourcecode.swift; path = EnvironmentalObjectClass.swift; sourceTree = "<group>"; };
		52E7F95A23B41E89009CB968 /* ActressData.swift */ = {isa = PBXFileReference; lastKnownFileType = sourcecode.swift; path = ActressData.swift; sourceTree = "<group>"; };
		52E7F95C23B42030009CB968 /* LoadingView.swift */ = {isa = PBXFileReference; lastKnownFileType = sourcecode.swift; path = LoadingView.swift; sourceTree = "<group>"; };
/* End PBXFileReference section */

/* Begin PBXFrameworksBuildPhase section */
		52E7F93023AF8285009CB968 /* Frameworks */ = {
			isa = PBXFrameworksBuildPhase;
			buildActionMask = 2147483647;
			files = (
			);
			runOnlyForDeploymentPostprocessing = 0;
		};
/* End PBXFrameworksBuildPhase section */

/* Begin PBXGroup section */
		52E7F92A23AF8285009CB968 = {
			isa = PBXGroup;
			children = (
				52E7F95823B41E51009CB968 /* EnvironmentalObjectClass.swift */,
				52E7F95C23B42030009CB968 /* LoadingView.swift */,
				52E7F95023B0DBE9009CB968 /* ActressListView.swift */,
				5226450423B4F60200E95AC2 /* ItemListByActress.swift */,
				5226450223B4EFCB00E95AC2 /* ActressListRootView.swift */,
				52E7F94A23AF82AD009CB968 /* ControlView.swift */,
				52E7F95A23B41E89009CB968 /* ActressData.swift */,
				52E7F95423B3B925009CB968 /* ActressViewModel.swift */,
				52E7F95623B3C1E4009CB968 /* SafariService.swift */,
				52E7F95223B2679F009CB968 /* ImageLoader.swift */,
				52E7F94C23AF8353009CB968 /* APIURL.swift */,
				52E7F94E23AF8929009CB968 /* ActressModel.swift */,
				52E7F93523AF8285009CB968 /* DMM6 */,
				52E7F93423AF8285009CB968 /* Products */,
			);
			sourceTree = "<group>";
		};
		52E7F93423AF8285009CB968 /* Products */ = {
			isa = PBXGroup;
			children = (
				52E7F93323AF8285009CB968 /* DMM6.app */,
			);
			name = Products;
			sourceTree = "<group>";
		};
		52E7F93523AF8285009CB968 /* DMM6 */ = {
			isa = PBXGroup;
			children = (
				52E7F93623AF8285009CB968 /* AppDelegate.swift */,
				52E7F93823AF8285009CB968 /* SceneDelegate.swift */,
				52E7F93A23AF8285009CB968 /* ContentView.swift */,
				52E7F93C23AF8289009CB968 /* Assets.xcassets */,
				52E7F94123AF8289009CB968 /* LaunchScreen.storyboard */,
				52E7F94423AF8289009CB968 /* Info.plist */,
				52E7F93E23AF8289009CB968 /* Preview Content */,
			);
			path = DMM6;
			sourceTree = "<group>";
		};
		52E7F93E23AF8289009CB968 /* Preview Content */ = {
			isa = PBXGroup;
			children = (
				52E7F93F23AF8289009CB968 /* Preview Assets.xcassets */,
			);
			path = "Preview Content";
			sourceTree = "<group>";
		};
/* End PBXGroup section */

/* Begin PBXNativeTarget section */
		52E7F93223AF8285009CB968 /* DMM6 */ = {
			isa = PBXNativeTarget;
			buildConfigurationList = 52E7F94723AF8289009CB968 /* Build configuration list for PBXNativeTarget "DMM6" */;
			buildPhases = (
				52E7F92F23AF8285009CB968 /* Sources */,
				52E7F93023AF8285009CB968 /* Frameworks */,
				52E7F93123AF8285009CB968 /* Resources */,
			);
			buildRules = (
			);
			dependencies = (
			);
			name = DMM6;
			productName = DMM6;
			productReference = 52E7F93323AF8285009CB968 /* DMM6.app */;
			productType = "com.apple.product-type.application";
		};
/* End PBXNativeTarget section */

/* Begin PBXProject section */
		52E7F92B23AF8285009CB968 /* Project object */ = {
			isa = PBXProject;
			attributes = {
				LastSwiftUpdateCheck = 1130;
				LastUpgradeCheck = 1130;
				ORGANIZATIONNAME = s140;
				TargetAttributes = {
					52E7F93223AF8285009CB968 = {
						CreatedOnToolsVersion = 11.3;
					};
				};
			};
			buildConfigurationList = 52E7F92E23AF8285009CB968 /* Build configuration list for PBXProject "DMM6" */;
			compatibilityVersion = "Xcode 9.3";
			developmentRegion = en;
			hasScannedForEncodings = 0;
			knownRegions = (
				en,
				Base,
			);
			mainGroup = 52E7F92A23AF8285009CB968;
			productRefGroup = 52E7F93423AF8285009CB968 /* Products */;
			projectDirPath = "";
			projectRoot = "";
			targets = (
				52E7F93223AF8285009CB968 /* DMM6 */,
			);
		};
/* End PBXProject section */

/* Begin PBXResourcesBuildPhase section */
		52E7F93123AF8285009CB968 /* Resources */ = {
			isa = PBXResourcesBuildPhase;
			buildActionMask = 2147483647;
			files = (
				52E7F94323AF8289009CB968 /* LaunchScreen.storyboard in Resources */,
				52E7F94023AF8289009CB968 /* Preview Assets.xcassets in Resources */,
				52E7F93D23AF8289009CB968 /* Assets.xcassets in Resources */,
			);
			runOnlyForDeploymentPostprocessing = 0;
		};
/* End PBXResourcesBuildPhase section */

/* Begin PBXSourcesBuildPhase section */
		52E7F92F23AF8285009CB968 /* Sources */ = {
			isa = PBXSourcesBuildPhase;
			buildActionMask = 2147483647;
			files = (
				52E7F94B23AF82AD009CB968 /* ControlView.swift in Sources */,
				52E7F95723B3C1E4009CB968 /* SafariService.swift in Sources */,
				5226450523B4F60200E95AC2 /* ItemListByActress.swift in Sources */,
				52E7F95523B3B925009CB968 /* ActressViewModel.swift in Sources */,
				52E7F93723AF8285009CB968 /* AppDelegate.swift in Sources */,
				52E7F95123B0DBE9009CB968 /* ActressListView.swift in Sources */,
				52E7F93923AF8285009CB968 /* SceneDelegate.swift in Sources */,
				5226450323B4EFCB00E95AC2 /* ActressListRootView.swift in Sources */,
				52E7F94D23AF8353009CB968 /* APIURL.swift in Sources */,
				52E7F95B23B41E89009CB968 /* ActressData.swift in Sources */,
				52E7F93B23AF8285009CB968 /* ContentView.swift in Sources */,
				52E7F95323B2679F009CB968 /* ImageLoader.swift in Sources */,
				52E7F94F23AF8929009CB968 /* ActressModel.swift in Sources */,
				52E7F95D23B42030009CB968 /* LoadingView.swift in Sources */,
				52E7F95923B41E51009CB968 /* EnvironmentalObjectClass.swift in Sources */,
			);
			runOnlyForDeploymentPostprocessing = 0;
		};
/* End PBXSourcesBuildPhase section */

/* Begin PBXVariantGroup section */
		52E7F94123AF8289009CB968 /* LaunchScreen.storyboard */ = {
			isa = PBXVariantGroup;
			children = (
				52E7F94223AF8289009CB968 /* Base */,
			);
			name = LaunchScreen.storyboard;
			sourceTree = "<group>";
		};
/* End PBXVariantGroup section */

/* Begin XCBuildConfiguration section */
		52E7F94523AF8289009CB968 /* Debug */ = {
			isa = XCBuildConfiguration;
			buildSettings = {
				ALWAYS_SEARCH_USER_PATHS = NO;
				CLANG_ANALYZER_NONNULL = YES;
				CLANG_ANALYZER_NUMBER_OBJECT_CONVERSION = YES_AGGRESSIVE;
				CLANG_CXX_LANGUAGE_STANDARD = "gnu++14";
				CLANG_CXX_LIBRARY = "libc++";
				CLANG_ENABLE_MODULES = YES;
				CLANG_ENABLE_OBJC_ARC = YES;
				CLANG_ENABLE_OBJC_WEAK = YES;
				CLANG_WARN_BLOCK_CAPTURE_AUTORELEASING = YES;
				CLANG_WARN_BOOL_CONVERSION = YES;
				CLANG_WARN_COMMA = YES;
				CLANG_WARN_CONSTANT_CONVERSION = YES;
				CLANG_WARN_DEPRECATED_OBJC_IMPLEMENTATIONS = YES;
				CLANG_WARN_DIRECT_OBJC_ISA_USAGE = YES_ERROR;
				CLANG_WARN_DOCUMENTATION_COMMENTS = YES;
				CLANG_WARN_EMPTY_BODY = YES;
				CLANG_WARN_ENUM_CONVERSION = YES;
				CLANG_WARN_INFINITE_RECURSION = YES;
				CLANG_WARN_INT_CONVERSION = YES;
				CLANG_WARN_NON_LITERAL_NULL_CONVERSION = YES;
				CLANG_WARN_OBJC_IMPLICIT_RETAIN_SELF = YES;
				CLANG_WARN_OBJC_LITERAL_CONVERSION = YES;
				CLANG_WARN_OBJC_ROOT_CLASS = YES_ERROR;
				CLANG_WARN_RANGE_LOOP_ANALYSIS = YES;
				CLANG_WARN_STRICT_PROTOTYPES = YES;
				CLANG_WARN_SUSPICIOUS_MOVE = YES;
				CLANG_WARN_UNGUARDED_AVAILABILITY = YES_AGGRESSIVE;
				CLANG_WARN_UNREACHABLE_CODE = YES;
				CLANG_WARN__DUPLICATE_METHOD_MATCH = YES;
				COPY_PHASE_STRIP = NO;
				DEBUG_INFORMATION_FORMAT = dwarf;
				ENABLE_STRICT_OBJC_MSGSEND = YES;
				ENABLE_TESTABILITY = YES;
				GCC_C_LANGUAGE_STANDARD = gnu11;
				GCC_DYNAMIC_NO_PIC = NO;
				GCC_NO_COMMON_BLOCKS = YES;
				GCC_OPTIMIZATION_LEVEL = 0;
				GCC_PREPROCESSOR_DEFINITIONS = (
					"DEBUG=1",
					"$(inherited)",
				);
				GCC_WARN_64_TO_32_BIT_CONVERSION = YES;
				GCC_WARN_ABOUT_RETURN_TYPE = YES_ERROR;
				GCC_WARN_UNDECLARED_SELECTOR = YES;
				GCC_WARN_UNINITIALIZED_AUTOS = YES_AGGRESSIVE;
				GCC_WARN_UNUSED_FUNCTION = YES;
				GCC_WARN_UNUSED_VARIABLE = YES;
				IPHONEOS_DEPLOYMENT_TARGET = 13.2;
				MTL_ENABLE_DEBUG_INFO = INCLUDE_SOURCE;
				MTL_FAST_MATH = YES;
				ONLY_ACTIVE_ARCH = YES;
				SDKROOT = iphoneos;
				SWIFT_ACTIVE_COMPILATION_CONDITIONS = DEBUG;
				SWIFT_OPTIMIZATION_LEVEL = "-Onone";
			};
			name = Debug;
		};
		52E7F94623AF8289009CB968 /* Release */ = {
			isa = XCBuildConfiguration;
			buildSettings = {
				ALWAYS_SEARCH_USER_PATHS = NO;
				CLANG_ANALYZER_NONNULL = YES;
				CLANG_ANALYZER_NUMBER_OBJECT_CONVERSION = YES_AGGRESSIVE;
				CLANG_CXX_LANGUAGE_STANDARD = "gnu++14";
				CLANG_CXX_LIBRARY = "libc++";
				CLANG_ENABLE_MODULES = YES;
				CLANG_ENABLE_OBJC_ARC = YES;
				CLANG_ENABLE_OBJC_WEAK = YES;
				CLANG_WARN_BLOCK_CAPTURE_AUTORELEASING = YES;
				CLANG_WARN_BOOL_CONVERSION = YES;
				CLANG_WARN_COMMA = YES;
				CLANG_WARN_CONSTANT_CONVERSION = YES;
				CLANG_WARN_DEPRECATED_OBJC_IMPLEMENTATIONS = YES;
				CLANG_WARN_DIRECT_OBJC_ISA_USAGE = YES_ERROR;
				CLANG_WARN_DOCUMENTATION_COMMENTS = YES;
				CLANG_WARN_EMPTY_BODY = YES;
				CLANG_WARN_ENUM_CONVERSION = YES;
				CLANG_WARN_INFINITE_RECURSION = YES;
				CLANG_WARN_INT_CONVERSION = YES;
				CLANG_WARN_NON_LITERAL_NULL_CONVERSION = YES;
				CLANG_WARN_OBJC_IMPLICIT_RETAIN_SELF = YES;
				CLANG_WARN_OBJC_LITERAL_CONVERSION = YES;
				CLANG_WARN_OBJC_ROOT_CLASS = YES_ERROR;
				CLANG_WARN_RANGE_LOOP_ANALYSIS = YES;
				CLANG_WARN_STRICT_PROTOTYPES = YES;
				CLANG_WARN_SUSPICIOUS_MOVE = YES;
				CLANG_WARN_UNGUARDED_AVAILABILITY = YES_AGGRESSIVE;
				CLANG_WARN_UNREACHABLE_CODE = YES;
				CLANG_WARN__DUPLICATE_METHOD_MATCH = YES;
				COPY_PHASE_STRIP = NO;
				DEBUG_INFORMATION_FORMAT = "dwarf-with-dsym";
				ENABLE_NS_ASSERTIONS = NO;
				ENABLE_STRICT_OBJC_MSGSEND = YES;
				GCC_C_LANGUAGE_STANDARD = gnu11;
				GCC_NO_COMMON_BLOCKS = YES;
				GCC_WARN_64_TO_32_BIT_CONVERSION = YES;
				GCC_WARN_ABOUT_RETURN_TYPE = YES_ERROR;
				GCC_WARN_UNDECLARED_SELECTOR = YES;
				GCC_WARN_UNINITIALIZED_AUTOS = YES_AGGRESSIVE;
				GCC_WARN_UNUSED_FUNCTION = YES;
				GCC_WARN_UNUSED_VARIABLE = YES;
				IPHONEOS_DEPLOYMENT_TARGET = 13.2;
				MTL_ENABLE_DEBUG_INFO = NO;
				MTL_FAST_MATH = YES;
				SDKROOT = iphoneos;
				SWIFT_COMPILATION_MODE = wholemodule;
				SWIFT_OPTIMIZATION_LEVEL = "-O";
				VALIDATE_PRODUCT = YES;
			};
			name = Release;
		};
		52E7F94823AF8289009CB968 /* Debug */ = {
			isa = XCBuildConfiguration;
			buildSettings = {
				ASSETCATALOG_COMPILER_APPICON_NAME = AppIcon;
				CODE_SIGN_STYLE = Automatic;
				DEVELOPMENT_ASSET_PATHS = "\"DMM6/Preview Content\"";
				DEVELOPMENT_TEAM = 36H79X5ZFD;
				ENABLE_PREVIEWS = YES;
				INFOPLIST_FILE = DMM6/Info.plist;
				LD_RUNPATH_SEARCH_PATHS = (
					"$(inherited)",
					"@executable_path/Frameworks",
				);
				PRODUCT_BUNDLE_IDENTIFIER = KS.DMM6;
				PRODUCT_NAME = "$(TARGET_NAME)";
				SWIFT_VERSION = 5.0;
				TARGETED_DEVICE_FAMILY = "1,2";
			};
			name = Debug;
		};
		52E7F94923AF8289009CB968 /* Release */ = {
			isa = XCBuildConfiguration;
			buildSettings = {
				ASSETCATALOG_COMPILER_APPICON_NAME = AppIcon;
				CODE_SIGN_STYLE = Automatic;
				DEVELOPMENT_ASSET_PATHS = "\"DMM6/Preview Content\"";
				DEVELOPMENT_TEAM = 36H79X5ZFD;
				ENABLE_PREVIEWS = YES;
				INFOPLIST_FILE = DMM6/Info.plist;
				LD_RUNPATH_SEARCH_PATHS = (
					"$(inherited)",
					"@executable_path/Frameworks",
				);
				PRODUCT_BUNDLE_IDENTIFIER = KS.DMM6;
				PRODUCT_NAME = "$(TARGET_NAME)";
				SWIFT_VERSION = 5.0;
				TARGETED_DEVICE_FAMILY = "1,2";
			};
			name = Release;
		};
/* End XCBuildConfiguration section */

/* Begin XCConfigurationList section */
		52E7F92E23AF8285009CB968 /* Build configuration list for PBXProject "DMM6" */ = {
			isa = XCConfigurationList;
			buildConfigurations = (
				52E7F94523AF8289009CB968 /* Debug */,
				52E7F94623AF8289009CB968 /* Release */,
			);
			defaultConfigurationIsVisible = 0;
			defaultConfigurationName = Release;
		};
		52E7F94723AF8289009CB968 /* Build configuration list for PBXNativeTarget "DMM6" */ = {
			isa = XCConfigurationList;
			buildConfigurations = (
				52E7F94823AF8289009CB968 /* Debug */,
				52E7F94923AF8289009CB968 /* Release */,
			);
			defaultConfigurationIsVisible = 0;
			defaultConfigurationName = Release;
		};
/* End XCConfigurationList section */
	};
	rootObject = 52E7F92B23AF8285009CB968 /* Project object */;
}
